
Microsoft Visual Studio Solution File, Format Version 10.00
# Visual Studio 2008
Project("{8BC9CEB8-8B4A-11D0-8D11-00A0C91BC942}") = "ExampleDLM", "ExampleDLM\ExampleDLM.vcproj", "{D0DA0D46-BB7B-4A32-B30C-45E51D703CEA}"
EndProject
Global
	GlobalSection(SolutionConfigurationPlatforms) = preSolution
		Debug|Win32 = Debug|Win32
		Release|Win32 = Release|Win32
	EndGlobalSection
	GlobalSection(ProjectConfigurationPlatforms) = postSolution
		{D0DA0D46-BB7B-4A32-B30C-45E51D703CEA}.Debug|Win32.ActiveCfg = Debug|Win32
		{D0DA0D46-BB7B-4A32-B30C-45E51D703CEA}.Debug|Win32.Build.0 = Debug|Win32
		{D0DA0D46-BB7B-4A32-B30C-45E51D703CEA}.Release|Win32.ActiveCfg = Release|Win32
		{D0DA0D46-BB7B-4A32-B30C-45E51D703CEA}.Release|Win32.Build.0 = Release|Win32
	EndGlobalSection
	GlobalSection(SolutionProperties) = preSolution
		HideSolutionNode = FALSE
	EndGlobalSection
EndGlobal
